// !$*UTF8*$!
{
	archiveVersion = 1;
	classes = {
	};
	objectVersion = 56;
	objects = {

/* Begin PBXBuildFile section */
		4CEE729B2C1E2D5900582784 /* RealityKitContent in Frameworks */ = {isa = PBXBuildFile; productRef = 4CEE729A2C1E2D5900582784 /* RealityKitContent */; };
		4CEE729D2C1E2D5900582784 /* Json_Api_OneApp.swift in Sources */ = {isa = PBXBuildFile; fileRef = 4CEE729C2C1E2D5900582784 /* Json_Api_OneApp.swift */; };
		4CEE729F2C1E2D5900582784 /* ContentView.swift in Sources */ = {isa = PBXBuildFile; fileRef = 4CEE729E2C1E2D5900582784 /* ContentView.swift */; };
		4CEE72A12C1E2D5900582784 /* ImmersiveView.swift in Sources */ = {isa = PBXBuildFile; fileRef = 4CEE72A02C1E2D5900582784 /* ImmersiveView.swift */; };
		4CEE72A32C1E2D5A00582784 /* Assets.xcassets in Resources */ = {isa = PBXBuildFile; fileRef = 4CEE72A22C1E2D5A00582784 /* Assets.xcassets */; };
		4CEE72A62C1E2D5A00582784 /* Preview Assets.xcassets in Resources */ = {isa = PBXBuildFile; fileRef = 4CEE72A52C1E2D5A00582784 /* Preview Assets.xcassets */; };
		4CEE72B52C1E2DED00582784 /* NavigationView.swift in Sources */ = {isa = PBXBuildFile; fileRef = 4CEE72B42C1E2DED00582784 /* NavigationView.swift */; };
		4CEE72B72C1E2E4500582784 /* ForSceen.swift in Sources */ = {isa = PBXBuildFile; fileRef = 4CEE72B62C1E2E4500582784 /* ForSceen.swift */; };
		4CEE72B92C1E2EE000582784 /* NetworkErrorManager.swift in Sources */ = {isa = PBXBuildFile; fileRef = 4CEE72B82C1E2EE000582784 /* NetworkErrorManager.swift */; };
		4CEE72BB2C1E2F0800582784 /* Service.swift in Sources */ = {isa = PBXBuildFile; fileRef = 4CEE72BA2C1E2F0800582784 /* Service.swift */; };
		4CEE72BE2C1E2F7F00582784 /* WebService.swift in Sources */ = {isa = PBXBuildFile; fileRef = 4CEE72BD2C1E2F7F00582784 /* WebService.swift */; };
		4CEE72C02C1E325E00582784 /* ViewModel.swift in Sources */ = {isa = PBXBuildFile; fileRef = 4CEE72BF2C1E325E00582784 /* ViewModel.swift */; };
		4CEE72C22C1E32A200582784 /* Post.swift in Sources */ = {isa = PBXBuildFile; fileRef = 4CEE72C12C1E32A200582784 /* Post.swift */; };
		4CEE72C42C1E368000582784 /* LocalService.swift in Sources */ = {isa = PBXBuildFile; fileRef = 4CEE72C32C1E368000582784 /* LocalService.swift */; };
		4CEE72C72C1E39F800582784 /* user.json in Resources */ = {isa = PBXBuildFile; fileRef = 4CEE72C62C1E39F800582784 /* user.json */; };
		4CEE72C92C1E3DA500582784 /* Networ.swift in Sources */ = {isa = PBXBuildFile; fileRef = 4CEE72C82C1E3DA500582784 /* Networ.swift */; };
/* End PBXBuildFile section */

/* Begin PBXFileReference section */
		4CEE72952C1E2D5900582784 /* Json_Api_One.app */ = {isa = PBXFileReference; explicitFileType = wrapper.application; includeInIndex = 0; path = Json_Api_One.app; sourceTree = BUILT_PRODUCTS_DIR; };
		4CEE72992C1E2D5900582784 /* RealityKitContent */ = {isa = PBXFileReference; lastKnownFileType = wrapper; path = RealityKitContent; sourceTree = "<group>"; };
		4CEE729C2C1E2D5900582784 /* Json_Api_OneApp.swift */ = {isa = PBXFileReference; lastKnownFileType = sourcecode.swift; path = Json_Api_OneApp.swift; sourceTree = "<group>"; };
		4CEE729E2C1E2D5900582784 /* ContentView.swift */ = {isa = PBXFileReference; lastKnownFileType = sourcecode.swift; path = ContentView.swift; sourceTree = "<group>"; };
		4CEE72A02C1E2D5900582784 /* ImmersiveView.swift */ = {isa = PBXFileReference; lastKnownFileType = sourcecode.swift; path = ImmersiveView.swift; sourceTree = "<group>"; };
		4CEE72A22C1E2D5A00582784 /* Assets.xcassets */ = {isa = PBXFileReference; lastKnownFileType = folder.assetcatalog; path = Assets.xcassets; sourceTree = "<group>"; };
		4CEE72A52C1E2D5A00582784 /* Preview Assets.xcassets */ = {isa = PBXFileReference; lastKnownFileType = folder.assetcatalog; path = "Preview Assets.xcassets"; sourceTree = "<group>"; };
		4CEE72A72C1E2D5A00582784 /* Info.plist */ = {isa = PBXFileReference; lastKnownFileType = text.plist.xml; path = Info.plist; sourceTree = "<group>"; };
		4CEE72B42C1E2DED00582784 /* NavigationView.swift */ = {isa = PBXFileReference; lastKnownFileType = sourcecode.swift; path = NavigationView.swift; sourceTree = "<group>"; };
		4CEE72B62C1E2E4500582784 /* ForSceen.swift */ = {isa = PBXFileReference; lastKnownFileType = sourcecode.swift; path = ForSceen.swift; sourceTree = "<group>"; };
		4CEE72B82C1E2EE000582784 /* NetworkErrorManager.swift */ = {isa = PBXFileReference; lastKnownFileType = sourcecode.swift; path = NetworkErrorManager.swift; sourceTree = "<group>"; };
		4CEE72BA2C1E2F0800582784 /* Service.swift */ = {isa = PBXFileReference; lastKnownFileType = sourcecode.swift; path = Service.swift; sourceTree = "<group>"; };
		4CEE72BD2C1E2F7F00582784 /* WebService.swift */ = {isa = PBXFileReference; lastKnownFileType = sourcecode.swift; path = WebService.swift; sourceTree = "<group>"; };
		4CEE72BF2C1E325E00582784 /* ViewModel.swift */ = {isa = PBXFileReference; lastKnownFileType = sourcecode.swift; path = ViewModel.swift; sourceTree = "<group>"; };
		4CEE72C12C1E32A200582784 /* Post.swift */ = {isa = PBXFileReference; lastKnownFileType = sourcecode.swift; path = Post.swift; sourceTree = "<group>"; };
		4CEE72C32C1E368000582784 /* LocalService.swift */ = {isa = PBXFileReference; lastKnownFileType = sourcecode.swift; path = LocalService.swift; sourceTree = "<group>"; };
		4CEE72C62C1E39F800582784 /* user.json */ = {isa = PBXFileReference; fileEncoding = 4; lastKnownFileType = text.json; path = user.json; sourceTree = "<group>"; };
		4CEE72C82C1E3DA500582784 /* Networ.swift */ = {isa = PBXFileReference; lastKnownFileType = sourcecode.swift; path = Networ.swift; sourceTree = "<group>"; };
/* End PBXFileReference section */

/* Begin PBXFrameworksBuildPhase section */
		4CEE72922C1E2D5900582784 /* Frameworks */ = {
			isa = PBXFrameworksBuildPhase;
			buildActionMask = 2147483647;
			files = (
				4CEE729B2C1E2D5900582784 /* RealityKitContent in Frameworks */,
			);
			runOnlyForDeploymentPostprocessing = 0;
		};
/* End PBXFrameworksBuildPhase section */

/* Begin PBXGroup section */
		4CEE728C2C1E2D5900582784 = {
			isa = PBXGroup;
			children = (
				4CEE72972C1E2D5900582784 /* Json_Api_One */,
				4CEE72982C1E2D5900582784 /* Packages */,
				4CEE72962C1E2D5900582784 /* Products */,
			);
			sourceTree = "<group>";
		};
		4CEE72962C1E2D5900582784 /* Products */ = {
			isa = PBXGroup;
			children = (
				4CEE72952C1E2D5900582784 /* Json_Api_One.app */,
			);
			name = Products;
			sourceTree = "<group>";
		};
		4CEE72972C1E2D5900582784 /* Json_Api_One */ = {
			isa = PBXGroup;
			children = (
				4CEE72C62C1E39F800582784 /* user.json */,
				4CEE72B22C1E2D9800582784 /* Service */,
				4CEE72B12C1E2D8E00582784 /* NetworkError */,
				4CEE72B02C1E2D8900582784 /* Controller */,
				4CEE72AF2C1E2D7B00582784 /* ViewModel */,
				4CEE72AE2C1E2D7400582784 /* View */,
				4CEE72AD2C1E2D6F00582784 /* Model */,
				4CEE729C2C1E2D5900582784 /* Json_Api_OneApp.swift */,
				4CEE729E2C1E2D5900582784 /* ContentView.swift */,
				4CEE72A02C1E2D5900582784 /* ImmersiveView.swift */,
				4CEE72A22C1E2D5A00582784 /* Assets.xcassets */,
				4CEE72A72C1E2D5A00582784 /* Info.plist */,
				4CEE72A42C1E2D5A00582784 /* Preview Content */,
			);
			path = Json_Api_One;
			sourceTree = "<group>";
		};
		4CEE72982C1E2D5900582784 /* Packages */ = {
			isa = PBXGroup;
			children = (
				4CEE72992C1E2D5900582784 /* RealityKitContent */,
			);
			path = Packages;
			sourceTree = "<group>";
		};
		4CEE72A42C1E2D5A00582784 /* Preview Content */ = {
			isa = PBXGroup;
			children = (
				4CEE72A52C1E2D5A00582784 /* Preview Assets.xcassets */,
			);
			path = "Preview Content";
			sourceTree = "<group>";
		};
		4CEE72AD2C1E2D6F00582784 /* Model */ = {
			isa = PBXGroup;
			children = (
				4CEE72C12C1E32A200582784 /* Post.swift */,
			);
			path = Model;
			sourceTree = "<group>";
		};
		4CEE72AE2C1E2D7400582784 /* View */ = {
			isa = PBXGroup;
			children = (
				4CEE72B42C1E2DED00582784 /* NavigationView.swift */,
				4CEE72B32C1E2DA700582784 /* Sceen */,
			);
			path = View;
			sourceTree = "<group>";
		};
		4CEE72AF2C1E2D7B00582784 /* ViewModel */ = {
			isa = PBXGroup;
			children = (
				4CEE72BF2C1E325E00582784 /* ViewModel.swift */,
			);
			path = ViewModel;
			sourceTree = "<group>";
		};
		4CEE72B02C1E2D8900582784 /* Controller */ = {
			isa = PBXGroup;
			children = (
			);
			path = Controller;
			sourceTree = "<group>";
		};
		4CEE72B12C1E2D8E00582784 /* NetworkError */ = {
			isa = PBXGroup;
			children = (
				4CEE72B82C1E2EE000582784 /* NetworkErrorManager.swift */,
				4CEE72C82C1E3DA500582784 /* Networ.swift */,
			);
			path = NetworkError;
			sourceTree = "<group>";
		};
		4CEE72B22C1E2D9800582784 /* Service */ = {
			isa = PBXGroup;
			children = (
				4CEE72BA2C1E2F0800582784 /* Service.swift */,
				4CEE72BD2C1E2F7F00582784 /* WebService.swift */,
				4CEE72C32C1E368000582784 /* LocalService.swift */,
			);
			path = Service;
			sourceTree = "<group>";
		};
		4CEE72B32C1E2DA700582784 /* Sceen */ = {
			isa = PBXGroup;
			children = (
				4CEE72B62C1E2E4500582784 /* ForSceen.swift */,
			);
			path = Sceen;
			sourceTree = "<group>";
		};
/* End PBXGroup section */

/* Begin PBXNativeTarget section */
		4CEE72942C1E2D5900582784 /* Json_Api_One */ = {
			isa = PBXNativeTarget;
			buildConfigurationList = 4CEE72AA2C1E2D5A00582784 /* Build configuration list for PBXNativeTarget "Json_Api_One" */;
			buildPhases = (
				4CEE72912C1E2D5900582784 /* Sources */,
				4CEE72922C1E2D5900582784 /* Frameworks */,
				4CEE72932C1E2D5900582784 /* Resources */,
			);
			buildRules = (
			);
			dependencies = (
			);
			name = Json_Api_One;
			packageProductDependencies = (
				4CEE729A2C1E2D5900582784 /* RealityKitContent */,
			);
			productName = Json_Api_One;
			productReference = 4CEE72952C1E2D5900582784 /* Json_Api_One.app */;
			productType = "com.apple.product-type.application";
		};
/* End PBXNativeTarget section */

/* Begin PBXProject section */
		4CEE728D2C1E2D5900582784 /* Project object */ = {
			isa = PBXProject;
			attributes = {
				BuildIndependentTargetsInParallel = 1;
				LastSwiftUpdateCheck = 1540;
				LastUpgradeCheck = 1540;
				TargetAttributes = {
					4CEE72942C1E2D5900582784 = {
						CreatedOnToolsVersion = 15.4;
					};
				};
			};
			buildConfigurationList = 4CEE72902C1E2D5900582784 /* Build configuration list for PBXProject "Json_Api_One" */;
			compatibilityVersion = "Xcode 14.0";
			developmentRegion = en;
			hasScannedForEncodings = 0;
			knownRegions = (
				en,
				Base,
			);
			mainGroup = 4CEE728C2C1E2D5900582784;
			productRefGroup = 4CEE72962C1E2D5900582784 /* Products */;
			projectDirPath = "";
			projectRoot = "";
			targets = (
				4CEE72942C1E2D5900582784 /* Json_Api_One */,
			);
		};
/* End PBXProject section */

/* Begin PBXResourcesBuildPhase section */
		4CEE72932C1E2D5900582784 /* Resources */ = {
			isa = PBXResourcesBuildPhase;
			buildActionMask = 2147483647;
			files = (
				4CEE72C72C1E39F800582784 /* user.json in Resources */,
				4CEE72A62C1E2D5A00582784 /* Preview Assets.xcassets in Resources */,
				4CEE72A32C1E2D5A00582784 /* Assets.xcassets in Resources */,
			);
			runOnlyForDeploymentPostprocessing = 0;
		};
/* End PBXResourcesBuildPhase section */

/* Begin PBXSourcesBuildPhase section */
		4CEE72912C1E2D5900582784 /* Sources */ = {
			isa = PBXSourcesBuildPhase;
			buildActionMask = 2147483647;
			files = (
				4CEE729F2C1E2D5900582784 /* ContentView.swift in Sources */,
				4CEE72C02C1E325E00582784 /* ViewModel.swift in Sources */,
				4CEE72B92C1E2EE000582784 /* NetworkErrorManager.swift in Sources */,
				4CEE72BE2C1E2F7F00582784 /* WebService.swift in Sources */,
				4CEE72BB2C1E2F0800582784 /* Service.swift in Sources */,
				4CEE729D2C1E2D5900582784 /* Json_Api_OneApp.swift in Sources */,
				4CEE72B72C1E2E4500582784 /* ForSceen.swift in Sources */,
				4CEE72B52C1E2DED00582784 /* NavigationView.swift in Sources */,
				4CEE72A12C1E2D5900582784 /* ImmersiveView.swift in Sources */,
				4CEE72C42C1E368000582784 /* LocalService.swift in Sources */,
				4CEE72C92C1E3DA500582784 /* Networ.swift in Sources */,
				4CEE72C22C1E32A200582784 /* Post.swift in Sources */,
			);
			runOnlyForDeploymentPostprocessing = 0;
		};
/* End PBXSourcesBuildPhase section */

/* Begin XCBuildConfiguration section */
		4CEE72A82C1E2D5A00582784 /* Debug */ = {
			isa = XCBuildConfiguration;
			buildSettings = {
				ALWAYS_SEARCH_USER_PATHS = NO;
				ASSETCATALOG_COMPILER_GENERATE_SWIFT_ASSET_SYMBOL_EXTENSIONS = YES;
				CLANG_ANALYZER_NONNULL = YES;
				CLANG_ANALYZER_NUMBER_OBJECT_CONVERSION = YES_AGGRESSIVE;
				CLANG_CXX_LANGUAGE_STANDARD = "gnu++20";
				CLANG_ENABLE_MODULES = YES;
				CLANG_ENABLE_OBJC_ARC = YES;
				CLANG_ENABLE_OBJC_WEAK = YES;
				CLANG_WARN_BLOCK_CAPTURE_AUTORELEASING = YES;
				CLANG_WARN_BOOL_CONVERSION = YES;
				CLANG_WARN_COMMA = YES;
				CLANG_WARN_CONSTANT_CONVERSION = YES;
				CLANG_WARN_DEPRECATED_OBJC_IMPLEMENTATIONS = YES;
				CLANG_WARN_DIRECT_OBJC_ISA_USAGE = YES_ERROR;
				CLANG_WARN_DOCUMENTATION_COMMENTS = YES;
				CLANG_WARN_EMPTY_BODY = YES;
				CLANG_WARN_ENUM_CONVERSION = YES;
				CLANG_WARN_INFINITE_RECURSION = YES;
				CLANG_WARN_INT_CONVERSION = YES;
				CLANG_WARN_NON_LITERAL_NULL_CONVERSION = YES;
				CLANG_WARN_OBJC_IMPLICIT_RETAIN_SELF = YES;
				CLANG_WARN_OBJC_LITERAL_CONVERSION = YES;
				CLANG_WARN_OBJC_ROOT_CLASS = YES_ERROR;
				CLANG_WARN_QUOTED_INCLUDE_IN_FRAMEWORK_HEADER = YES;
				CLANG_WARN_RANGE_LOOP_ANALYSIS = YES;
				CLANG_WARN_STRICT_PROTOTYPES = YES;
				CLANG_WARN_SUSPICIOUS_MOVE = YES;
				CLANG_WARN_UNGUARDED_AVAILABILITY = YES_AGGRESSIVE;
				CLANG_WARN_UNREACHABLE_CODE = YES;
				CLANG_WARN__DUPLICATE_METHOD_MATCH = YES;
				COPY_PHASE_STRIP = NO;
				DEBUG_INFORMATION_FORMAT = dwarf;
				ENABLE_STRICT_OBJC_MSGSEND = YES;
				ENABLE_TESTABILITY = YES;
				ENABLE_USER_SCRIPT_SANDBOXING = YES;
				GCC_C_LANGUAGE_STANDARD = gnu17;
				GCC_DYNAMIC_NO_PIC = NO;
				GCC_NO_COMMON_BLOCKS = YES;
				GCC_OPTIMIZATION_LEVEL = 0;
				GCC_PREPROCESSOR_DEFINITIONS = (
					"DEBUG=1",
					"$(inherited)",
				);
				GCC_WARN_64_TO_32_BIT_CONVERSION = YES;
				GCC_WARN_ABOUT_RETURN_TYPE = YES_ERROR;
				GCC_WARN_UNDECLARED_SELECTOR = YES;
				GCC_WARN_UNINITIALIZED_AUTOS = YES_AGGRESSIVE;
				GCC_WARN_UNUSED_FUNCTION = YES;
				GCC_WARN_UNUSED_VARIABLE = YES;
				LOCALIZATION_PREFERS_STRING_CATALOGS = YES;
				MTL_ENABLE_DEBUG_INFO = INCLUDE_SOURCE;
				MTL_FAST_MATH = YES;
				ONLY_ACTIVE_ARCH = YES;
				SDKROOT = xros;
				SWIFT_ACTIVE_COMPILATION_CONDITIONS = "DEBUG $(inherited)";
				SWIFT_OPTIMIZATION_LEVEL = "-Onone";
				XROS_DEPLOYMENT_TARGET = 1.2;
			};
			name = Debug;
		};
		4CEE72A92C1E2D5A00582784 /* Release */ = {
			isa = XCBuildConfiguration;
			buildSettings = {
				ALWAYS_SEARCH_USER_PATHS = NO;
				ASSETCATALOG_COMPILER_GENERATE_SWIFT_ASSET_SYMBOL_EXTENSIONS = YES;
				CLANG_ANALYZER_NONNULL = YES;
				CLANG_ANALYZER_NUMBER_OBJECT_CONVERSION = YES_AGGRESSIVE;
				CLANG_CXX_LANGUAGE_STANDARD = "gnu++20";
				CLANG_ENABLE_MODULES = YES;
				CLANG_ENABLE_OBJC_ARC = YES;
				CLANG_ENABLE_OBJC_WEAK = YES;
				CLANG_WARN_BLOCK_CAPTURE_AUTORELEASING = YES;
				CLANG_WARN_BOOL_CONVERSION = YES;
				CLANG_WARN_COMMA = YES;
				CLANG_WARN_CONSTANT_CONVERSION = YES;
				CLANG_WARN_DEPRECATED_OBJC_IMPLEMENTATIONS = YES;
				CLANG_WARN_DIRECT_OBJC_ISA_USAGE = YES_ERROR;
				CLANG_WARN_DOCUMENTATION_COMMENTS = YES;
				CLANG_WARN_EMPTY_BODY = YES;
				CLANG_WARN_ENUM_CONVERSION = YES;
				CLANG_WARN_INFINITE_RECURSION = YES;
				CLANG_WARN_INT_CONVERSION = YES;
				CLANG_WARN_NON_LITERAL_NULL_CONVERSION = YES;
				CLANG_WARN_OBJC_IMPLICIT_RETAIN_SELF = YES;
				CLANG_WARN_OBJC_LITERAL_CONVERSION = YES;
				CLANG_WARN_OBJC_ROOT_CLASS = YES_ERROR;
				CLANG_WARN_QUOTED_INCLUDE_IN_FRAMEWORK_HEADER = YES;
				CLANG_WARN_RANGE_LOOP_ANALYSIS = YES;
				CLANG_WARN_STRICT_PROTOTYPES = YES;
				CLANG_WARN_SUSPICIOUS_MOVE = YES;
				CLANG_WARN_UNGUARDED_AVAILABILITY = YES_AGGRESSIVE;
				CLANG_WARN_UNREACHABLE_CODE = YES;
				CLANG_WARN__DUPLICATE_METHOD_MATCH = YES;
				COPY_PHASE_STRIP = NO;
				DEBUG_INFORMATION_FORMAT = "dwarf-with-dsym";
				ENABLE_NS_ASSERTIONS = NO;
				ENABLE_STRICT_OBJC_MSGSEND = YES;
				ENABLE_USER_SCRIPT_SANDBOXING = YES;
				GCC_C_LANGUAGE_STANDARD = gnu17;
				GCC_NO_COMMON_BLOCKS = YES;
				GCC_WARN_64_TO_32_BIT_CONVERSION = YES;
				GCC_WARN_ABOUT_RETURN_TYPE = YES_ERROR;
				GCC_WARN_UNDECLARED_SELECTOR = YES;
				GCC_WARN_UNINITIALIZED_AUTOS = YES_AGGRESSIVE;
				GCC_WARN_UNUSED_FUNCTION = YES;
				GCC_WARN_UNUSED_VARIABLE = YES;
				LOCALIZATION_PREFERS_STRING_CATALOGS = YES;
				MTL_ENABLE_DEBUG_INFO = NO;
				MTL_FAST_MATH = YES;
				SDKROOT = xros;
				SWIFT_COMPILATION_MODE = wholemodule;
				VALIDATE_PRODUCT = YES;
				XROS_DEPLOYMENT_TARGET = 1.2;
			};
			name = Release;
		};
		4CEE72AB2C1E2D5A00582784 /* Debug */ = {
			isa = XCBuildConfiguration;
			buildSettings = {
				ASSETCATALOG_COMPILER_APPICON_NAME = AppIcon;
				ASSETCATALOG_COMPILER_GLOBAL_ACCENT_COLOR_NAME = AccentColor;
				CODE_SIGN_STYLE = Automatic;
				CURRENT_PROJECT_VERSION = 1;
				DEVELOPMENT_ASSET_PATHS = "\"Json_Api_One/Preview Content\"";
				DEVELOPMENT_TEAM = YRUVCLSPXW;
				ENABLE_PREVIEWS = YES;
				GENERATE_INFOPLIST_FILE = YES;
				INFOPLIST_FILE = "$(TARGET_NAME)/Info.plist";
				LD_RUNPATH_SEARCH_PATHS = (
					"$(inherited)",
					"@executable_path/Frameworks",
				);
				MARKETING_VERSION = 1.0;
				PRODUCT_BUNDLE_IDENTIFIER = "Dijital-Human.Json-Api-One";
				PRODUCT_NAME = "$(TARGET_NAME)";
				SUPPORTED_PLATFORMS = "xros xrsimulator";
				SWIFT_EMIT_LOC_STRINGS = YES;
				SWIFT_VERSION = 5.0;
				TARGETED_DEVICE_FAMILY = "1,2,7";
			};
			name = Debug;
		};
		4CEE72AC2C1E2D5A00582784 /* Release */ = {
			isa = XCBuildConfiguration;
			buildSettings = {
				ASSETCATALOG_COMPILER_APPICON_NAME = AppIcon;
				ASSETCATALOG_COMPILER_GLOBAL_ACCENT_COLOR_NAME = AccentColor;
				CODE_SIGN_STYLE = Automatic;
				CURRENT_PROJECT_VERSION = 1;
				DEVELOPMENT_ASSET_PATHS = "\"Json_Api_One/Preview Content\"";
				DEVELOPMENT_TEAM = YRUVCLSPXW;
				ENABLE_PREVIEWS = YES;
				GENERATE_INFOPLIST_FILE = YES;
				INFOPLIST_FILE = "$(TARGET_NAME)/Info.plist";
				LD_RUNPATH_SEARCH_PATHS = (
					"$(inherited)",
					"@executable_path/Frameworks",
				);
				MARKETING_VERSION = 1.0;
				PRODUCT_BUNDLE_IDENTIFIER = "Dijital-Human.Json-Api-One";
				PRODUCT_NAME = "$(TARGET_NAME)";
				SUPPORTED_PLATFORMS = "xros xrsimulator";
				SWIFT_EMIT_LOC_STRINGS = YES;
				SWIFT_VERSION = 5.0;
				TARGETED_DEVICE_FAMILY = "1,2,7";
			};
			name = Release;
		};
/* End XCBuildConfiguration section */

/* Begin XCConfigurationList section */
		4CEE72902C1E2D5900582784 /* Build configuration list for PBXProject "Json_Api_One" */ = {
			isa = XCConfigurationList;
			buildConfigurations = (
				4CEE72A82C1E2D5A00582784 /* Debug */,
				4CEE72A92C1E2D5A00582784 /* Release */,
			);
			defaultConfigurationIsVisible = 0;
			defaultConfigurationName = Release;
		};
		4CEE72AA2C1E2D5A00582784 /* Build configuration list for PBXNativeTarget "Json_Api_One" */ = {
			isa = XCConfigurationList;
			buildConfigurations = (
				4CEE72AB2C1E2D5A00582784 /* Debug */,
				4CEE72AC2C1E2D5A00582784 /* Release */,
			);
			defaultConfigurationIsVisible = 0;
			defaultConfigurationName = Release;
		};
/* End XCConfigurationList section */

/* Begin XCSwiftPackageProductDependency section */
		4CEE729A2C1E2D5900582784 /* RealityKitContent */ = {
			isa = XCSwiftPackageProductDependency;
			productName = RealityKitContent;
		};
/* End XCSwiftPackageProductDependency section */
	};
	rootObject = 4CEE728D2C1E2D5900582784 /* Project object */;
}
